
Microsoft Visual Studio Solution File, Format Version 12.00
# Visual Studio Version 16
VisualStudioVersion = 16.0.34114.132
MinimumVisualStudioVersion = 10.0.40219.1
Project("{FAE04EC0-301F-11D3-BF4B-00C04F79EFBC}") = "WebAppTutorial-1", "WebAppTutorial-1\WebAppTutorial-1.csproj", "{16EC84C3-A46A-4522-A84F-68937A89799D}"
EndProject
Global
	GlobalSection(SolutionConfigurationPlatforms) = preSolution
		Debug|Any CPU = Debug|Any CPU
		Release|Any CPU = Release|Any CPU
	EndGlobalSection
	GlobalSection(ProjectConfigurationPlatforms) = postSolution
		{16EC84C3-A46A-4522-A84F-68937A89799D}.Debug|Any CPU.ActiveCfg = Debug|Any CPU
		{16EC84C3-A46A-4522-A84F-68937A89799D}.Debug|Any CPU.Build.0 = Debug|Any CPU
		{16EC84C3-A46A-4522-A84F-68937A89799D}.Release|Any CPU.ActiveCfg = Release|Any CPU
		{16EC84C3-A46A-4522-A84F-68937A89799D}.Release|Any CPU.Build.0 = Release|Any CPU
	EndGlobalSection
	GlobalSection(SolutionProperties) = preSolution
		HideSolutionNode = FALSE
	EndGlobalSection
	GlobalSection(ExtensibilityGlobals) = postSolution
		SolutionGuid = {60419DFF-9754-416C-89B9-3F78648217C8}
	EndGlobalSection
EndGlobal
